
Microsoft Visual Studio Solution File, Format Version 12.00
# Visual Studio Version 17
VisualStudioVersion = 17.0.31903.59
MinimumVisualStudioVersion = 10.0.40219.1
Project("{9A19103F-16F7-4668-BE54-9A1E7A4F7556}") = "LookersEV.Site", "LookersEV.Site\LookersEV.Site.csproj", "{9D52657A-A645-4B25-8649-0D5E6DF0D3B8}"
EndProject
Project("{9A19103F-16F7-4668-BE54-9A1E7A4F7556}") = "Umbraco.PublishedModels", "Umbraco.PublishedModels\Umbraco.PublishedModels.csproj", "{7623EDE5-ECF2-4044-A25F-679D3CB74C19}"
EndProject
Global
	GlobalSection(SolutionConfigurationPlatforms) = preSolution
		Debug|Any CPU = Debug|Any CPU
		Release|Any CPU = Release|Any CPU
	EndGlobalSection
	GlobalSection(ProjectConfigurationPlatforms) = postSolution
		{9D52657A-A645-4B25-8649-0D5E6DF0D3B8}.Debug|Any CPU.ActiveCfg = Debug|Any CPU
		{9D52657A-A645-4B25-8649-0D5E6DF0D3B8}.Debug|Any CPU.Build.0 = Debug|Any CPU
		{9D52657A-A645-4B25-8649-0D5E6DF0D3B8}.Release|Any CPU.ActiveCfg = Release|Any CPU
		{9D52657A-A645-4B25-8649-0D5E6DF0D3B8}.Release|Any CPU.Build.0 = Release|Any CPU
		{7623EDE5-ECF2-4044-A25F-679D3CB74C19}.Debug|Any CPU.ActiveCfg = Debug|Any CPU
		{7623EDE5-ECF2-4044-A25F-679D3CB74C19}.Debug|Any CPU.Build.0 = Debug|Any CPU
		{7623EDE5-ECF2-4044-A25F-679D3CB74C19}.Release|Any CPU.ActiveCfg = Release|Any CPU
		{7623EDE5-ECF2-4044-A25F-679D3CB74C19}.Release|Any CPU.Build.0 = Release|Any CPU
	EndGlobalSection
	GlobalSection(SolutionProperties) = preSolution
		HideSolutionNode = FALSE
	EndGlobalSection
	GlobalSection(ExtensibilityGlobals) = postSolution
		SolutionGuid = {353368C9-9F2A-4EA8-BDAE-9C4D79E0ED52}
	EndGlobalSection
EndGlobal
